
Microsoft Visual Studio Solution File, Format Version 12.00
# Visual Studio Version 16
VisualStudioVersion = 16.0.30204.135
MinimumVisualStudioVersion = 15.0.26124.0
Project("{2150E333-8FDC-42A3-9474-1A3956D46DE8}") = "App", "App", "{D638410D-08F3-4042-85CD-1A12F58C06D8}"
EndProject
Project("{2150E333-8FDC-42A3-9474-1A3956D46DE8}") = "Common", "Common", "{27A946BF-09D5-4B8D-B71F-BE4E6FCEACF0}"
EndProject
Project("{2150E333-8FDC-42A3-9474-1A3956D46DE8}") = "Test", "Test", "{6957A374-28E7-476C-8924-104C078FCC7B}"
EndProject
Project("{9A19103F-16F7-4668-BE54-9A1E7A4F7556}") = "WebApi", "App\WebApi\WebApi.csproj", "{2F788214-1156-49BF-A11A-E6B09F03FC1A}"
EndProject
Project("{2150E333-8FDC-42A3-9474-1A3956D46DE8}") = "Application", "Application", "{377CA257-265B-48D0-8577-0AB1BCBFE14D}"
EndProject
Project("{2150E333-8FDC-42A3-9474-1A3956D46DE8}") = "Domain", "Domain", "{8089A10F-1471-4798-BB07-718549421FF7}"
EndProject
Project("{2150E333-8FDC-42A3-9474-1A3956D46DE8}") = "Infrastructure", "Infrastructure", "{8E45B534-AD3E-47FC-94BC-2A3E997B0787}"
EndProject
Project("{9A19103F-16F7-4668-BE54-9A1E7A4F7556}") = "Application", "Common\Application\Application.csproj", "{3D046666-FCAA-47E6-892F-C41A023681EA}"
EndProject
Project("{9A19103F-16F7-4668-BE54-9A1E7A4F7556}") = "Domain", "Common\Domain\Domain.csproj", "{531DE6E5-0756-43BC-8363-20CCB7146B7A}"
EndProject
Project("{9A19103F-16F7-4668-BE54-9A1E7A4F7556}") = "Infrastructure", "Common\Infrastructure\Infrastructure.csproj", "{607A17E7-DF41-425A-82F9-B54A9549EAD5}"
EndProject
Global
	GlobalSection(SolutionConfigurationPlatforms) = preSolution
		Debug|Any CPU = Debug|Any CPU
		Debug|x64 = Debug|x64
		Debug|x86 = Debug|x86
		Release|Any CPU = Release|Any CPU
		Release|x64 = Release|x64
		Release|x86 = Release|x86
	EndGlobalSection
	GlobalSection(ProjectConfigurationPlatforms) = postSolution
		{2F788214-1156-49BF-A11A-E6B09F03FC1A}.Debug|Any CPU.ActiveCfg = Debug|Any CPU
		{2F788214-1156-49BF-A11A-E6B09F03FC1A}.Debug|Any CPU.Build.0 = Debug|Any CPU
		{2F788214-1156-49BF-A11A-E6B09F03FC1A}.Debug|x64.ActiveCfg = Debug|Any CPU
		{2F788214-1156-49BF-A11A-E6B09F03FC1A}.Debug|x64.Build.0 = Debug|Any CPU
		{2F788214-1156-49BF-A11A-E6B09F03FC1A}.Debug|x86.ActiveCfg = Debug|Any CPU
		{2F788214-1156-49BF-A11A-E6B09F03FC1A}.Debug|x86.Build.0 = Debug|Any CPU
		{2F788214-1156-49BF-A11A-E6B09F03FC1A}.Release|Any CPU.ActiveCfg = Release|Any CPU
		{2F788214-1156-49BF-A11A-E6B09F03FC1A}.Release|Any CPU.Build.0 = Release|Any CPU
		{2F788214-1156-49BF-A11A-E6B09F03FC1A}.Release|x64.ActiveCfg = Release|Any CPU
		{2F788214-1156-49BF-A11A-E6B09F03FC1A}.Release|x64.Build.0 = Release|Any CPU
		{2F788214-1156-49BF-A11A-E6B09F03FC1A}.Release|x86.ActiveCfg = Release|Any CPU
		{2F788214-1156-49BF-A11A-E6B09F03FC1A}.Release|x86.Build.0 = Release|Any CPU
		{3D046666-FCAA-47E6-892F-C41A023681EA}.Debug|Any CPU.ActiveCfg = Debug|Any CPU
		{3D046666-FCAA-47E6-892F-C41A023681EA}.Debug|Any CPU.Build.0 = Debug|Any CPU
		{3D046666-FCAA-47E6-892F-C41A023681EA}.Debug|x64.ActiveCfg = Debug|Any CPU
		{3D046666-FCAA-47E6-892F-C41A023681EA}.Debug|x64.Build.0 = Debug|Any CPU
		{3D046666-FCAA-47E6-892F-C41A023681EA}.Debug|x86.ActiveCfg = Debug|Any CPU
		{3D046666-FCAA-47E6-892F-C41A023681EA}.Debug|x86.Build.0 = Debug|Any CPU
		{3D046666-FCAA-47E6-892F-C41A023681EA}.Release|Any CPU.ActiveCfg = Release|Any CPU
		{3D046666-FCAA-47E6-892F-C41A023681EA}.Release|Any CPU.Build.0 = Release|Any CPU
		{3D046666-FCAA-47E6-892F-C41A023681EA}.Release|x64.ActiveCfg = Release|Any CPU
		{3D046666-FCAA-47E6-892F-C41A023681EA}.Release|x64.Build.0 = Release|Any CPU
		{3D046666-FCAA-47E6-892F-C41A023681EA}.Release|x86.ActiveCfg = Release|Any CPU
		{3D046666-FCAA-47E6-892F-C41A023681EA}.Release|x86.Build.0 = Release|Any CPU
		{531DE6E5-0756-43BC-8363-20CCB7146B7A}.Debug|Any CPU.ActiveCfg = Debug|Any CPU
		{531DE6E5-0756-43BC-8363-20CCB7146B7A}.Debug|Any CPU.Build.0 = Debug|Any CPU
		{531DE6E5-0756-43BC-8363-20CCB7146B7A}.Debug|x64.ActiveCfg = Debug|Any CPU
		{531DE6E5-0756-43BC-8363-20CCB7146B7A}.Debug|x64.Build.0 = Debug|Any CPU
		{531DE6E5-0756-43BC-8363-20CCB7146B7A}.Debug|x86.ActiveCfg = Debug|Any CPU
		{531DE6E5-0756-43BC-8363-20CCB7146B7A}.Debug|x86.Build.0 = Debug|Any CPU
		{531DE6E5-0756-43BC-8363-20CCB7146B7A}.Release|Any CPU.ActiveCfg = Release|Any CPU
		{531DE6E5-0756-43BC-8363-20CCB7146B7A}.Release|Any CPU.Build.0 = Release|Any CPU
		{531DE6E5-0756-43BC-8363-20CCB7146B7A}.Release|x64.ActiveCfg = Release|Any CPU
		{531DE6E5-0756-43BC-8363-20CCB7146B7A}.Release|x64.Build.0 = Release|Any CPU
		{531DE6E5-0756-43BC-8363-20CCB7146B7A}.Release|x86.ActiveCfg = Release|Any CPU
		{531DE6E5-0756-43BC-8363-20CCB7146B7A}.Release|x86.Build.0 = Release|Any CPU
		{607A17E7-DF41-425A-82F9-B54A9549EAD5}.Debug|Any CPU.ActiveCfg = Debug|Any CPU
		{607A17E7-DF41-425A-82F9-B54A9549EAD5}.Debug|Any CPU.Build.0 = Debug|Any CPU
		{607A17E7-DF41-425A-82F9-B54A9549EAD5}.Debug|x64.ActiveCfg = Debug|Any CPU
		{607A17E7-DF41-425A-82F9-B54A9549EAD5}.Debug|x64.Build.0 = Debug|Any CPU
		{607A17E7-DF41-425A-82F9-B54A9549EAD5}.Debug|x86.ActiveCfg = Debug|Any CPU
		{607A17E7-DF41-425A-82F9-B54A9549EAD5}.Debug|x86.Build.0 = Debug|Any CPU
		{607A17E7-DF41-425A-82F9-B54A9549EAD5}.Release|Any CPU.ActiveCfg = Release|Any CPU
		{607A17E7-DF41-425A-82F9-B54A9549EAD5}.Release|Any CPU.Build.0 = Release|Any CPU
		{607A17E7-DF41-425A-82F9-B54A9549EAD5}.Release|x64.ActiveCfg = Release|Any CPU
		{607A17E7-DF41-425A-82F9-B54A9549EAD5}.Release|x64.Build.0 = Release|Any CPU
		{607A17E7-DF41-425A-82F9-B54A9549EAD5}.Release|x86.ActiveCfg = Release|Any CPU
		{607A17E7-DF41-425A-82F9-B54A9549EAD5}.Release|x86.Build.0 = Release|Any CPU
	EndGlobalSection
	GlobalSection(SolutionProperties) = preSolution
		HideSolutionNode = FALSE
	EndGlobalSection
	GlobalSection(NestedProjects) = preSolution
		{2F788214-1156-49BF-A11A-E6B09F03FC1A} = {D638410D-08F3-4042-85CD-1A12F58C06D8}
		{377CA257-265B-48D0-8577-0AB1BCBFE14D} = {27A946BF-09D5-4B8D-B71F-BE4E6FCEACF0}
		{8089A10F-1471-4798-BB07-718549421FF7} = {27A946BF-09D5-4B8D-B71F-BE4E6FCEACF0}
		{8E45B534-AD3E-47FC-94BC-2A3E997B0787} = {27A946BF-09D5-4B8D-B71F-BE4E6FCEACF0}
		{3D046666-FCAA-47E6-892F-C41A023681EA} = {377CA257-265B-48D0-8577-0AB1BCBFE14D}
		{531DE6E5-0756-43BC-8363-20CCB7146B7A} = {8089A10F-1471-4798-BB07-718549421FF7}
		{607A17E7-DF41-425A-82F9-B54A9549EAD5} = {8E45B534-AD3E-47FC-94BC-2A3E997B0787}
	EndGlobalSection
	GlobalSection(ExtensibilityGlobals) = postSolution
		SolutionGuid = {35E1D188-84DC-4673-B815-9E76A22A070C}
	EndGlobalSection
EndGlobal
