
Microsoft Visual Studio Solution File, Format Version 12.00
# Visual Studio Version 16
VisualStudioVersion = 16.0.30204.135
MinimumVisualStudioVersion = 15.0.26124.0
Project("{2150E333-8FDC-42A3-9474-1A3956D46DE8}") = "Apps", "Apps", "{D638410D-08F3-4042-85CD-1A12F58C06D8}"
EndProject
Project("{2150E333-8FDC-42A3-9474-1A3956D46DE8}") = "Common", "Common", "{27A946BF-09D5-4B8D-B71F-BE4E6FCEACF0}"
EndProject
Project("{9A19103F-16F7-4668-BE54-9A1E7A4F7556}") = "CleanArchitecture.Application", "src\Common\CleanArchitecture.Application\CleanArchitecture.Application.csproj", "{20613C5C-4DD9-42D1-B781-2EBE612B57DD}"
EndProject
Project("{9A19103F-16F7-4668-BE54-9A1E7A4F7556}") = "CleanArchitecture.Domain", "src\Common\CleanArchitecture.Domain\CleanArchitecture.Domain.csproj", "{22C69B88-7F88-4CBD-9018-DA4B7208B502}"
EndProject
Project("{9A19103F-16F7-4668-BE54-9A1E7A4F7556}") = "CleanArchitecture.Infrastructure", "src\Common\CleanArchitecture.Infrastructure\CleanArchitecture.Infrastructure.csproj", "{FB27BD16-7EF8-4FED-B822-177438585578}"
EndProject
Project("{9A19103F-16F7-4668-BE54-9A1E7A4F7556}") = "CleanArchitecture.Api", "src\Apps\CleanArchitecture.Api\CleanArchitecture.Api.csproj", "{A8D18FE5-1BD1-47D7-B1CC-A388AC959ADF}"
EndProject
Project("{9A19103F-16F7-4668-BE54-9A1E7A4F7556}") = "CleanArchitecture.Application.UnitTests", "tests\Aplication.UnitTests\CleanArchitecture.Application.UnitTests.csproj", "{B8F5DCCC-7C6F-4294-907F-BA27EFEAD853}"
EndProject
Project("{9A19103F-16F7-4668-BE54-9A1E7A4F7556}") = "CleanArchitecture.Application.IntegrationTests", "tests\CleanArchitecture.Application.IntegrationTests\CleanArchitecture.Application.IntegrationTests.csproj", "{C50A1D83-C039-4420-9AFE-C497C07E01D2}"
EndProject
Project("{9A19103F-16F7-4668-BE54-9A1E7A4F7556}") = "CleanArchitecture.Domain.UnitTests", "tests\CleanArchitecture.Domain.UnitTests\CleanArchitecture.Domain.UnitTests.csproj", "{1F78AFCE-8B7B-4A98-A09D-BE185694488F}"
EndProject
Project("{2150E333-8FDC-42A3-9474-1A3956D46DE8}") = "src", "src", "{D2A70E84-194F-4531-AA81-82729A26F364}"
EndProject
Project("{2150E333-8FDC-42A3-9474-1A3956D46DE8}") = "tests", "tests", "{F8A7E80E-BA7E-40A5-A950-D63ABA0EC731}"
EndProject
Project("{2150E333-8FDC-42A3-9474-1A3956D46DE8}") = "docker", "docker", "{EDD10C6A-1376-4ED1-99F6-E069CF82ED5E}"
	ProjectSection(SolutionItems) = preProject
		.dockerignore = .dockerignore
		docker-compose.yml = docker-compose.yml
	EndProjectSection
EndProject
Project("{FAE04EC0-301F-11D3-BF4B-00C04F79EFBC}") = "CleanArchitecture.Infrastructure.Sqlite", "src\Common\CleanArchitecture.Infrastructure.Sqlite\CleanArchitecture.Infrastructure.Sqlite.csproj", "{8F3504B0-10A8-4BB0-A27B-EDC6191111E8}"
EndProject
Project("{FAE04EC0-301F-11D3-BF4B-00C04F79EFBC}") = "CleanArchitecture.Infrastructure.SqlServer", "src\Common\CleanArchitecture.Infrastructure.SqlServer\CleanArchitecture.Infrastructure.SqlServer.csproj", "{A84CD2EC-9BFA-4E45-848A-82CAC7DDC5A0}"
EndProject
Project("{FAE04EC0-301F-11D3-BF4B-00C04F79EFBC}") = "CleanArchitecture.Infrastructure.Npgsql", "src\Common\CleanArchitecture.Infrastructure.Npgsql\CleanArchitecture.Infrastructure.Npgsql.csproj", "{5950579B-3AA3-4B60-86FE-B6CCD4DA0179}"
EndProject
Global
	GlobalSection(SolutionConfigurationPlatforms) = preSolution
		Debug|Any CPU = Debug|Any CPU
		Release|Any CPU = Release|Any CPU
	EndGlobalSection
	GlobalSection(ProjectConfigurationPlatforms) = postSolution
		{20613C5C-4DD9-42D1-B781-2EBE612B57DD}.Debug|Any CPU.ActiveCfg = Debug|Any CPU
		{20613C5C-4DD9-42D1-B781-2EBE612B57DD}.Debug|Any CPU.Build.0 = Debug|Any CPU
		{20613C5C-4DD9-42D1-B781-2EBE612B57DD}.Release|Any CPU.ActiveCfg = Release|Any CPU
		{20613C5C-4DD9-42D1-B781-2EBE612B57DD}.Release|Any CPU.Build.0 = Release|Any CPU
		{22C69B88-7F88-4CBD-9018-DA4B7208B502}.Debug|Any CPU.ActiveCfg = Debug|Any CPU
		{22C69B88-7F88-4CBD-9018-DA4B7208B502}.Debug|Any CPU.Build.0 = Debug|Any CPU
		{22C69B88-7F88-4CBD-9018-DA4B7208B502}.Release|Any CPU.ActiveCfg = Release|Any CPU
		{22C69B88-7F88-4CBD-9018-DA4B7208B502}.Release|Any CPU.Build.0 = Release|Any CPU
		{FB27BD16-7EF8-4FED-B822-177438585578}.Debug|Any CPU.ActiveCfg = Debug|Any CPU
		{FB27BD16-7EF8-4FED-B822-177438585578}.Debug|Any CPU.Build.0 = Debug|Any CPU
		{FB27BD16-7EF8-4FED-B822-177438585578}.Release|Any CPU.ActiveCfg = Release|Any CPU
		{FB27BD16-7EF8-4FED-B822-177438585578}.Release|Any CPU.Build.0 = Release|Any CPU
		{A8D18FE5-1BD1-47D7-B1CC-A388AC959ADF}.Debug|Any CPU.ActiveCfg = Debug|Any CPU
		{A8D18FE5-1BD1-47D7-B1CC-A388AC959ADF}.Debug|Any CPU.Build.0 = Debug|Any CPU
		{A8D18FE5-1BD1-47D7-B1CC-A388AC959ADF}.Release|Any CPU.ActiveCfg = Release|Any CPU
		{A8D18FE5-1BD1-47D7-B1CC-A388AC959ADF}.Release|Any CPU.Build.0 = Release|Any CPU
		{B8F5DCCC-7C6F-4294-907F-BA27EFEAD853}.Debug|Any CPU.ActiveCfg = Debug|Any CPU
		{B8F5DCCC-7C6F-4294-907F-BA27EFEAD853}.Debug|Any CPU.Build.0 = Debug|Any CPU
		{B8F5DCCC-7C6F-4294-907F-BA27EFEAD853}.Release|Any CPU.ActiveCfg = Release|Any CPU
		{B8F5DCCC-7C6F-4294-907F-BA27EFEAD853}.Release|Any CPU.Build.0 = Release|Any CPU
		{C50A1D83-C039-4420-9AFE-C497C07E01D2}.Debug|Any CPU.ActiveCfg = Debug|Any CPU
		{C50A1D83-C039-4420-9AFE-C497C07E01D2}.Debug|Any CPU.Build.0 = Debug|Any CPU
		{C50A1D83-C039-4420-9AFE-C497C07E01D2}.Release|Any CPU.ActiveCfg = Release|Any CPU
		{C50A1D83-C039-4420-9AFE-C497C07E01D2}.Release|Any CPU.Build.0 = Release|Any CPU
		{1F78AFCE-8B7B-4A98-A09D-BE185694488F}.Debug|Any CPU.ActiveCfg = Debug|Any CPU
		{1F78AFCE-8B7B-4A98-A09D-BE185694488F}.Debug|Any CPU.Build.0 = Debug|Any CPU
		{1F78AFCE-8B7B-4A98-A09D-BE185694488F}.Release|Any CPU.ActiveCfg = Release|Any CPU
		{1F78AFCE-8B7B-4A98-A09D-BE185694488F}.Release|Any CPU.Build.0 = Release|Any CPU
		{8F3504B0-10A8-4BB0-A27B-EDC6191111E8}.Debug|Any CPU.ActiveCfg = Debug|Any CPU
		{8F3504B0-10A8-4BB0-A27B-EDC6191111E8}.Debug|Any CPU.Build.0 = Debug|Any CPU
		{8F3504B0-10A8-4BB0-A27B-EDC6191111E8}.Release|Any CPU.ActiveCfg = Release|Any CPU
		{8F3504B0-10A8-4BB0-A27B-EDC6191111E8}.Release|Any CPU.Build.0 = Release|Any CPU
		{A84CD2EC-9BFA-4E45-848A-82CAC7DDC5A0}.Debug|Any CPU.ActiveCfg = Debug|Any CPU
		{A84CD2EC-9BFA-4E45-848A-82CAC7DDC5A0}.Debug|Any CPU.Build.0 = Debug|Any CPU
		{A84CD2EC-9BFA-4E45-848A-82CAC7DDC5A0}.Release|Any CPU.ActiveCfg = Release|Any CPU
		{A84CD2EC-9BFA-4E45-848A-82CAC7DDC5A0}.Release|Any CPU.Build.0 = Release|Any CPU
		{5950579B-3AA3-4B60-86FE-B6CCD4DA0179}.Debug|Any CPU.ActiveCfg = Debug|Any CPU
		{5950579B-3AA3-4B60-86FE-B6CCD4DA0179}.Debug|Any CPU.Build.0 = Debug|Any CPU
		{5950579B-3AA3-4B60-86FE-B6CCD4DA0179}.Release|Any CPU.ActiveCfg = Release|Any CPU
		{5950579B-3AA3-4B60-86FE-B6CCD4DA0179}.Release|Any CPU.Build.0 = Release|Any CPU
	EndGlobalSection
	GlobalSection(SolutionProperties) = preSolution
		HideSolutionNode = FALSE
	EndGlobalSection
	GlobalSection(NestedProjects) = preSolution
		{D638410D-08F3-4042-85CD-1A12F58C06D8} = {D2A70E84-194F-4531-AA81-82729A26F364}
		{27A946BF-09D5-4B8D-B71F-BE4E6FCEACF0} = {D2A70E84-194F-4531-AA81-82729A26F364}
		{20613C5C-4DD9-42D1-B781-2EBE612B57DD} = {27A946BF-09D5-4B8D-B71F-BE4E6FCEACF0}
		{22C69B88-7F88-4CBD-9018-DA4B7208B502} = {27A946BF-09D5-4B8D-B71F-BE4E6FCEACF0}
		{FB27BD16-7EF8-4FED-B822-177438585578} = {27A946BF-09D5-4B8D-B71F-BE4E6FCEACF0}
		{A8D18FE5-1BD1-47D7-B1CC-A388AC959ADF} = {D638410D-08F3-4042-85CD-1A12F58C06D8}
		{B8F5DCCC-7C6F-4294-907F-BA27EFEAD853} = {F8A7E80E-BA7E-40A5-A950-D63ABA0EC731}
		{C50A1D83-C039-4420-9AFE-C497C07E01D2} = {F8A7E80E-BA7E-40A5-A950-D63ABA0EC731}
		{1F78AFCE-8B7B-4A98-A09D-BE185694488F} = {F8A7E80E-BA7E-40A5-A950-D63ABA0EC731}
		{8F3504B0-10A8-4BB0-A27B-EDC6191111E8} = {27A946BF-09D5-4B8D-B71F-BE4E6FCEACF0}
		{A84CD2EC-9BFA-4E45-848A-82CAC7DDC5A0} = {27A946BF-09D5-4B8D-B71F-BE4E6FCEACF0}
		{5950579B-3AA3-4B60-86FE-B6CCD4DA0179} = {27A946BF-09D5-4B8D-B71F-BE4E6FCEACF0}
	EndGlobalSection
	GlobalSection(ExtensibilityGlobals) = postSolution
		SolutionGuid = {35E1D188-84DC-4673-B815-9E76A22A070C}
	EndGlobalSection
EndGlobal
